# This file is automatically @generated by Cargo.
# It is not intended for manual editing.
version = 4

[[package]]
name = "aihc-boot"
version = "0.1.0"
dependencies = [
 "aihc-resolve",
 "aihc-syntax",
]

[[package]]
name = "aihc-resolve"
version = "0.1.0"
dependencies = [
 "aihc-syntax",
]

[[package]]
name = "aihc-syntax"
version = "0.1.0"
